
Microsoft Visual Studio Solution File, Format Version 12.00
# Visual Studio Version 17
VisualStudioVersion = 17.5.002.0
MinimumVisualStudioVersion = 10.0.40219.1
Project("{9A19103F-16F7-4668-BE54-9A1E7A4F7556}") = "Aula 11 - RPG", "Aula 11 - RPG.csproj", "{F28D61DE-BED9-4B2D-9D91-70BE4D3B50BD}"
EndProject
Global
	GlobalSection(SolutionConfigurationPlatforms) = preSolution
		Debug|Any CPU = Debug|Any CPU
		Release|Any CPU = Release|Any CPU
	EndGlobalSection
	GlobalSection(ProjectConfigurationPlatforms) = postSolution
		{F28D61DE-BED9-4B2D-9D91-70BE4D3B50BD}.Debug|Any CPU.ActiveCfg = Debug|Any CPU
		{F28D61DE-BED9-4B2D-9D91-70BE4D3B50BD}.Debug|Any CPU.Build.0 = Debug|Any CPU
		{F28D61DE-BED9-4B2D-9D91-70BE4D3B50BD}.Release|Any CPU.ActiveCfg = Release|Any CPU
		{F28D61DE-BED9-4B2D-9D91-70BE4D3B50BD}.Release|Any CPU.Build.0 = Release|Any CPU
	EndGlobalSection
	GlobalSection(SolutionProperties) = preSolution
		HideSolutionNode = FALSE
	EndGlobalSection
	GlobalSection(ExtensibilityGlobals) = postSolution
		SolutionGuid = {B7545FD8-9623-4916-AE97-903AE340ACA7}
	EndGlobalSection
EndGlobal
